// !$*UTF8*$!
{
	archiveVersion = 1;
	classes = {
	};
	objectVersion = 50;
	objects = {

/* Begin PBXBuildFile section */
		E350526C25BB28B500914D9B /* MealInformationViewController.m in Sources */ = {isa = PBXBuildFile; fileRef = E3A6EB9C25B1CF1D00A54C87 /* MealInformationViewController.m */; };
		E354FC3C25C192E4008060B6 /* User.m in Sources */ = {isa = PBXBuildFile; fileRef = E39D71DD25AC6D51005814CF /* User.m */; };
		E354FC4325C412E4008060B6 /* ChooseMealViewController.m in Sources */ = {isa = PBXBuildFile; fileRef = E354FC4225C412E4008060B6 /* ChooseMealViewController.m */; };
		E36F17EB25CC41330057B707 /* DinnerListViewController.m in Sources */ = {isa = PBXBuildFile; fileRef = E36F17EA25CC41330057B707 /* DinnerListViewController.m */; };
		E36F17F225CC46B10057B707 /* LunchListViewController.m in Sources */ = {isa = PBXBuildFile; fileRef = E3A6EBA525B1DAC200A54C87 /* LunchListViewController.m */; };
		E36F17FE25CD44180057B707 /* LoginViewController.m in Sources */ = {isa = PBXBuildFile; fileRef = E36F17FD25CD44180057B707 /* LoginViewController.m */; };
		E36F182025CD71610057B707 /* ProfileViewController.m in Sources */ = {isa = PBXBuildFile; fileRef = E3D4727A25AF22C7003D71D2 /* ProfileViewController.m */; };
		E37F243A25BF17230094E3EF /* UserController.m in Sources */ = {isa = PBXBuildFile; fileRef = E370321225BAC5A000854230 /* UserController.m */; };
		E37F244225C0194E0094E3EF /* Meal.m in Sources */ = {isa = PBXBuildFile; fileRef = E39D71D325AC646B005814CF /* Meal.m */; };
		E39D71E525AC6D74005814CF /* List.m in Sources */ = {isa = PBXBuildFile; fileRef = E39D71E425AC6D74005814CF /* List.m */; };
		E39D71E625AC6D74005814CF /* List.m in Sources */ = {isa = PBXBuildFile; fileRef = E39D71E425AC6D74005814CF /* List.m */; };
		E39D71E725AC6D74005814CF /* List.m in Sources */ = {isa = PBXBuildFile; fileRef = E39D71E425AC6D74005814CF /* List.m */; };
		E3A055DB25A8818400FE6F7E /* AppDelegate.m in Sources */ = {isa = PBXBuildFile; fileRef = E3A055DA25A8818400FE6F7E /* AppDelegate.m */; };
		E3A055DE25A8818400FE6F7E /* SceneDelegate.m in Sources */ = {isa = PBXBuildFile; fileRef = E3A055DD25A8818400FE6F7E /* SceneDelegate.m */; };
		E3A055E125A8818400FE6F7E /* ViewController.m in Sources */ = {isa = PBXBuildFile; fileRef = E3A055E025A8818400FE6F7E /* ViewController.m */; };
		E3A055E425A8818400FE6F7E /* Main.storyboard in Resources */ = {isa = PBXBuildFile; fileRef = E3A055E225A8818400FE6F7E /* Main.storyboard */; };
		E3A055E725A8818400FE6F7E /* MealTracker.xcdatamodeld in Sources */ = {isa = PBXBuildFile; fileRef = E3A055E525A8818400FE6F7E /* MealTracker.xcdatamodeld */; };
		E3A055E925A8818500FE6F7E /* Assets.xcassets in Resources */ = {isa = PBXBuildFile; fileRef = E3A055E825A8818500FE6F7E /* Assets.xcassets */; };
		E3A055EC25A8818500FE6F7E /* LaunchScreen.storyboard in Resources */ = {isa = PBXBuildFile; fileRef = E3A055EA25A8818500FE6F7E /* LaunchScreen.storyboard */; };
		E3A055EF25A8818500FE6F7E /* main.m in Sources */ = {isa = PBXBuildFile; fileRef = E3A055EE25A8818500FE6F7E /* main.m */; };
		E3A055F925A8818500FE6F7E /* MealTrackerTests.m in Sources */ = {isa = PBXBuildFile; fileRef = E3A055F825A8818500FE6F7E /* MealTrackerTests.m */; };
		E3A0560425A8818500FE6F7E /* MealTrackerUITests.m in Sources */ = {isa = PBXBuildFile; fileRef = E3A0560325A8818500FE6F7E /* MealTrackerUITests.m */; };
		E3D4728A25AF2413003D71D2 /* AddMealViewController.m in Sources */ = {isa = PBXBuildFile; fileRef = E3D4728925AF2413003D71D2 /* AddMealViewController.m */; };
/* End PBXBuildFile section */

/* Begin PBXContainerItemProxy section */
		E3A055F525A8818500FE6F7E /* PBXContainerItemProxy */ = {
			isa = PBXContainerItemProxy;
			containerPortal = E3A055CE25A8818400FE6F7E /* Project object */;
			proxyType = 1;
			remoteGlobalIDString = E3A055D525A8818400FE6F7E;
			remoteInfo = MealTracker;
		};
		E3A0560025A8818500FE6F7E /* PBXContainerItemProxy */ = {
			isa = PBXContainerItemProxy;
			containerPortal = E3A055CE25A8818400FE6F7E /* Project object */;
			proxyType = 1;
			remoteGlobalIDString = E3A055D525A8818400FE6F7E;
			remoteInfo = MealTracker;
		};
/* End PBXContainerItemProxy section */

/* Begin PBXFileReference section */
		E354FC4125C412E4008060B6 /* ChooseMealViewController.h */ = {isa = PBXFileReference; lastKnownFileType = sourcecode.c.h; path = ChooseMealViewController.h; sourceTree = "<group>"; };
		E354FC4225C412E4008060B6 /* ChooseMealViewController.m */ = {isa = PBXFileReference; lastKnownFileType = sourcecode.c.objc; path = ChooseMealViewController.m; sourceTree = "<group>"; };
		E36F17E925CC41330057B707 /* DinnerListViewController.h */ = {isa = PBXFileReference; lastKnownFileType = sourcecode.c.h; path = DinnerListViewController.h; sourceTree = "<group>"; };
		E36F17EA25CC41330057B707 /* DinnerListViewController.m */ = {isa = PBXFileReference; lastKnownFileType = sourcecode.c.objc; path = DinnerListViewController.m; sourceTree = "<group>"; };
		E36F17FC25CD44180057B707 /* LoginViewController.h */ = {isa = PBXFileReference; lastKnownFileType = sourcecode.c.h; path = LoginViewController.h; sourceTree = "<group>"; };
		E36F17FD25CD44180057B707 /* LoginViewController.m */ = {isa = PBXFileReference; lastKnownFileType = sourcecode.c.objc; path = LoginViewController.m; sourceTree = "<group>"; };
		E370321225BAC5A000854230 /* UserController.m */ = {isa = PBXFileReference; lastKnownFileType = sourcecode.c.objc; path = UserController.m; sourceTree = "<group>"; };
		E370321725BACD6300854230 /* EnumConstants.h */ = {isa = PBXFileReference; lastKnownFileType = sourcecode.c.h; path = EnumConstants.h; sourceTree = "<group>"; };
		E370321825BACE7900854230 /* User.h */ = {isa = PBXFileReference; lastKnownFileType = sourcecode.c.h; path = User.h; sourceTree = "<group>"; };
		E37F245925C028930094E3EF /* UserController.h */ = {isa = PBXFileReference; lastKnownFileType = sourcecode.c.h; path = UserController.h; sourceTree = "<group>"; };
		E39D71D325AC646B005814CF /* Meal.m */ = {isa = PBXFileReference; lastKnownFileType = sourcecode.c.objc; name = Meal.m; path = ../Meal.m; sourceTree = "<group>"; };
		E39D71DD25AC6D51005814CF /* User.m */ = {isa = PBXFileReference; lastKnownFileType = sourcecode.c.objc; path = User.m; sourceTree = "<group>"; };
		E39D71E425AC6D74005814CF /* List.m */ = {isa = PBXFileReference; lastKnownFileType = sourcecode.c.objc; path = List.m; sourceTree = "<group>"; };
		E3A055D625A8818400FE6F7E /* MealTracker.app */ = {isa = PBXFileReference; explicitFileType = wrapper.application; includeInIndex = 0; path = MealTracker.app; sourceTree = BUILT_PRODUCTS_DIR; };
		E3A055D925A8818400FE6F7E /* AppDelegate.h */ = {isa = PBXFileReference; lastKnownFileType = sourcecode.c.h; path = AppDelegate.h; sourceTree = "<group>"; };
		E3A055DA25A8818400FE6F7E /* AppDelegate.m */ = {isa = PBXFileReference; lastKnownFileType = sourcecode.c.objc; path = AppDelegate.m; sourceTree = "<group>"; };
		E3A055DC25A8818400FE6F7E /* SceneDelegate.h */ = {isa = PBXFileReference; lastKnownFileType = sourcecode.c.h; path = SceneDelegate.h; sourceTree = "<group>"; };
		E3A055DD25A8818400FE6F7E /* SceneDelegate.m */ = {isa = PBXFileReference; lastKnownFileType = sourcecode.c.objc; path = SceneDelegate.m; sourceTree = "<group>"; };
		E3A055DF25A8818400FE6F7E /* ViewController.h */ = {isa = PBXFileReference; lastKnownFileType = sourcecode.c.h; path = ViewController.h; sourceTree = "<group>"; };
		E3A055E025A8818400FE6F7E /* ViewController.m */ = {isa = PBXFileReference; lastKnownFileType = sourcecode.c.objc; path = ViewController.m; sourceTree = "<group>"; };
		E3A055E325A8818400FE6F7E /* Base */ = {isa = PBXFileReference; lastKnownFileType = file.storyboard; name = Base; path = Base.lproj/Main.storyboard; sourceTree = "<group>"; };
		E3A055E625A8818400FE6F7E /* MealTracker.xcdatamodel */ = {isa = PBXFileReference; lastKnownFileType = wrapper.xcdatamodel; path = MealTracker.xcdatamodel; sourceTree = "<group>"; };
		E3A055E825A8818500FE6F7E /* Assets.xcassets */ = {isa = PBXFileReference; lastKnownFileType = folder.assetcatalog; path = Assets.xcassets; sourceTree = "<group>"; };
		E3A055EB25A8818500FE6F7E /* Base */ = {isa = PBXFileReference; lastKnownFileType = file.storyboard; name = Base; path = Base.lproj/LaunchScreen.storyboard; sourceTree = "<group>"; };
		E3A055ED25A8818500FE6F7E /* Info.plist */ = {isa = PBXFileReference; lastKnownFileType = text.plist.xml; path = Info.plist; sourceTree = "<group>"; };
		E3A055EE25A8818500FE6F7E /* main.m */ = {isa = PBXFileReference; lastKnownFileType = sourcecode.c.objc; path = main.m; sourceTree = "<group>"; };
		E3A055F425A8818500FE6F7E /* MealTrackerTests.xctest */ = {isa = PBXFileReference; explicitFileType = wrapper.cfbundle; includeInIndex = 0; path = MealTrackerTests.xctest; sourceTree = BUILT_PRODUCTS_DIR; };
		E3A055F825A8818500FE6F7E /* MealTrackerTests.m */ = {isa = PBXFileReference; lastKnownFileType = sourcecode.c.objc; path = MealTrackerTests.m; sourceTree = "<group>"; };
		E3A055FA25A8818500FE6F7E /* Info.plist */ = {isa = PBXFileReference; lastKnownFileType = text.plist.xml; path = Info.plist; sourceTree = "<group>"; };
		E3A055FF25A8818500FE6F7E /* MealTrackerUITests.xctest */ = {isa = PBXFileReference; explicitFileType = wrapper.cfbundle; includeInIndex = 0; path = MealTrackerUITests.xctest; sourceTree = BUILT_PRODUCTS_DIR; };
		E3A0560325A8818500FE6F7E /* MealTrackerUITests.m */ = {isa = PBXFileReference; lastKnownFileType = sourcecode.c.objc; path = MealTrackerUITests.m; sourceTree = "<group>"; };
		E3A0560525A8818500FE6F7E /* Info.plist */ = {isa = PBXFileReference; lastKnownFileType = text.plist.xml; path = Info.plist; sourceTree = "<group>"; };
		E3A6EB9B25B1CF1D00A54C87 /* MealInformationViewController.h */ = {isa = PBXFileReference; lastKnownFileType = sourcecode.c.h; path = MealInformationViewController.h; sourceTree = "<group>"; };
		E3A6EB9C25B1CF1D00A54C87 /* MealInformationViewController.m */ = {isa = PBXFileReference; lastKnownFileType = sourcecode.c.objc; path = MealInformationViewController.m; sourceTree = "<group>"; };
		E3A6EBA425B1DAC200A54C87 /* LunchListViewController.h */ = {isa = PBXFileReference; lastKnownFileType = sourcecode.c.h; path = LunchListViewController.h; sourceTree = "<group>"; };
		E3A6EBA525B1DAC200A54C87 /* LunchListViewController.m */ = {isa = PBXFileReference; lastKnownFileType = sourcecode.c.objc; path = LunchListViewController.m; sourceTree = "<group>"; };
		E3D4726A25AEFDE7003D71D2 /* Meal.h */ = {isa = PBXFileReference; lastKnownFileType = sourcecode.c.h; path = Meal.h; sourceTree = "<group>"; };
		E3D4727825AF0F2B003D71D2 /* List.h */ = {isa = PBXFileReference; lastKnownFileType = sourcecode.c.h; path = List.h; sourceTree = "<group>"; };
		E3D4727925AF22C7003D71D2 /* ProfileViewController.h */ = {isa = PBXFileReference; lastKnownFileType = sourcecode.c.h; path = ProfileViewController.h; sourceTree = "<group>"; };
		E3D4727A25AF22C7003D71D2 /* ProfileViewController.m */ = {isa = PBXFileReference; lastKnownFileType = sourcecode.c.objc; path = ProfileViewController.m; sourceTree = "<group>"; };
		E3D4728825AF2413003D71D2 /* AddMealViewController.h */ = {isa = PBXFileReference; lastKnownFileType = sourcecode.c.h; path = AddMealViewController.h; sourceTree = "<group>"; };
		E3D4728925AF2413003D71D2 /* AddMealViewController.m */ = {isa = PBXFileReference; lastKnownFileType = sourcecode.c.objc; path = AddMealViewController.m; sourceTree = "<group>"; };
/* End PBXFileReference section */

/* Begin PBXFrameworksBuildPhase section */
		E3A055D325A8818400FE6F7E /* Frameworks */ = {
			isa = PBXFrameworksBuildPhase;
			buildActionMask = 2147483647;
			files = (
			);
			runOnlyForDeploymentPostprocessing = 0;
		};
		E3A055F125A8818500FE6F7E /* Frameworks */ = {
			isa = PBXFrameworksBuildPhase;
			buildActionMask = 2147483647;
			files = (
			);
			runOnlyForDeploymentPostprocessing = 0;
		};
		E3A055FC25A8818500FE6F7E /* Frameworks */ = {
			isa = PBXFrameworksBuildPhase;
			buildActionMask = 2147483647;
			files = (
			);
			runOnlyForDeploymentPostprocessing = 0;
		};
/* End PBXFrameworksBuildPhase section */

/* Begin PBXGroup section */
		E39D71EB25AC7002005814CF /* Controllers */ = {
			isa = PBXGroup;
			children = (
				E3D4727925AF22C7003D71D2 /* ProfileViewController.h */,
				E3D4727A25AF22C7003D71D2 /* ProfileViewController.m */,
				E3D4728825AF2413003D71D2 /* AddMealViewController.h */,
				E3D4728925AF2413003D71D2 /* AddMealViewController.m */,
				E3A6EB9B25B1CF1D00A54C87 /* MealInformationViewController.h */,
				E3A6EB9C25B1CF1D00A54C87 /* MealInformationViewController.m */,
				E3A6EBA425B1DAC200A54C87 /* LunchListViewController.h */,
				E3A6EBA525B1DAC200A54C87 /* LunchListViewController.m */,
				E354FC4125C412E4008060B6 /* ChooseMealViewController.h */,
				E354FC4225C412E4008060B6 /* ChooseMealViewController.m */,
				E36F17E925CC41330057B707 /* DinnerListViewController.h */,
				E36F17EA25CC41330057B707 /* DinnerListViewController.m */,
				E36F17FC25CD44180057B707 /* LoginViewController.h */,
				E36F17FD25CD44180057B707 /* LoginViewController.m */,
			);
			path = Controllers;
			sourceTree = "<group>";
		};
		E39D71EC25AC702C005814CF /* Controller */ = {
			isa = PBXGroup;
			children = (
				E370321225BAC5A000854230 /* UserController.m */,
				E370321725BACD6300854230 /* EnumConstants.h */,
				E37F245925C028930094E3EF /* UserController.h */,
			);
			path = Controller;
			sourceTree = "<group>";
		};
		E3A055CD25A8818400FE6F7E = {
			isa = PBXGroup;
			children = (
				E3A055D825A8818400FE6F7E /* MealTracker */,
				E3A055F725A8818500FE6F7E /* MealTrackerTests */,
				E3A0560225A8818500FE6F7E /* MealTrackerUITests */,
				E3A055D725A8818400FE6F7E /* Products */,
			);
			sourceTree = "<group>";
		};
		E3A055D725A8818400FE6F7E /* Products */ = {
			isa = PBXGroup;
			children = (
				E3A055D625A8818400FE6F7E /* MealTracker.app */,
				E3A055F425A8818500FE6F7E /* MealTrackerTests.xctest */,
				E3A055FF25A8818500FE6F7E /* MealTrackerUITests.xctest */,
			);
			name = Products;
			sourceTree = "<group>";
		};
		E3A055D825A8818400FE6F7E /* MealTracker */ = {
			isa = PBXGroup;
			children = (
				E39D71EC25AC702C005814CF /* Controller */,
				E39D71EB25AC7002005814CF /* Controllers */,
				E3A0561525A88EE100FE6F7E /* Model */,
				E3A055D925A8818400FE6F7E /* AppDelegate.h */,
				E3A055DA25A8818400FE6F7E /* AppDelegate.m */,
				E3A055DC25A8818400FE6F7E /* SceneDelegate.h */,
				E3A055DD25A8818400FE6F7E /* SceneDelegate.m */,
				E3A055DF25A8818400FE6F7E /* ViewController.h */,
				E3A055E025A8818400FE6F7E /* ViewController.m */,
				E3A055E225A8818400FE6F7E /* Main.storyboard */,
				E3A055E825A8818500FE6F7E /* Assets.xcassets */,
				E3A055EA25A8818500FE6F7E /* LaunchScreen.storyboard */,
				E3A055ED25A8818500FE6F7E /* Info.plist */,
				E3A055EE25A8818500FE6F7E /* main.m */,
				E3A055E525A8818400FE6F7E /* MealTracker.xcdatamodeld */,
			);
			path = MealTracker;
			sourceTree = "<group>";
		};
		E3A055F725A8818500FE6F7E /* MealTrackerTests */ = {
			isa = PBXGroup;
			children = (
				E3A055F825A8818500FE6F7E /* MealTrackerTests.m */,
				E3A055FA25A8818500FE6F7E /* Info.plist */,
			);
			path = MealTrackerTests;
			sourceTree = "<group>";
		};
		E3A0560225A8818500FE6F7E /* MealTrackerUITests */ = {
			isa = PBXGroup;
			children = (
				E3A0560325A8818500FE6F7E /* MealTrackerUITests.m */,
				E3A0560525A8818500FE6F7E /* Info.plist */,
			);
			path = MealTrackerUITests;
			sourceTree = "<group>";
		};
		E3A0561525A88EE100FE6F7E /* Model */ = {
			isa = PBXGroup;
			children = (
				E39D71D325AC646B005814CF /* Meal.m */,
				E39D71DD25AC6D51005814CF /* User.m */,
				E39D71E425AC6D74005814CF /* List.m */,
				E3D4726A25AEFDE7003D71D2 /* Meal.h */,
				E3D4727825AF0F2B003D71D2 /* List.h */,
				E370321825BACE7900854230 /* User.h */,
			);
			path = Model;
			sourceTree = "<group>";
		};
/* End PBXGroup section */

/* Begin PBXNativeTarget section */
		E3A055D525A8818400FE6F7E /* MealTracker */ = {
			isa = PBXNativeTarget;
			buildConfigurationList = E3A0560825A8818500FE6F7E /* Build configuration list for PBXNativeTarget "MealTracker" */;
			buildPhases = (
				E3A055D225A8818400FE6F7E /* Sources */,
				E3A055D325A8818400FE6F7E /* Frameworks */,
				E3A055D425A8818400FE6F7E /* Resources */,
			);
			buildRules = (
			);
			dependencies = (
			);
			name = MealTracker;
			productName = MealTracker;
			productReference = E3A055D625A8818400FE6F7E /* MealTracker.app */;
			productType = "com.apple.product-type.application";
		};
		E3A055F325A8818500FE6F7E /* MealTrackerTests */ = {
			isa = PBXNativeTarget;
			buildConfigurationList = E3A0560B25A8818500FE6F7E /* Build configuration list for PBXNativeTarget "MealTrackerTests" */;
			buildPhases = (
				E3A055F025A8818500FE6F7E /* Sources */,
				E3A055F125A8818500FE6F7E /* Frameworks */,
				E3A055F225A8818500FE6F7E /* Resources */,
			);
			buildRules = (
			);
			dependencies = (
				E3A055F625A8818500FE6F7E /* PBXTargetDependency */,
			);
			name = MealTrackerTests;
			productName = MealTrackerTests;
			productReference = E3A055F425A8818500FE6F7E /* MealTrackerTests.xctest */;
			productType = "com.apple.product-type.bundle.unit-test";
		};
		E3A055FE25A8818500FE6F7E /* MealTrackerUITests */ = {
			isa = PBXNativeTarget;
			buildConfigurationList = E3A0560E25A8818500FE6F7E /* Build configuration list for PBXNativeTarget "MealTrackerUITests" */;
			buildPhases = (
				E3A055FB25A8818500FE6F7E /* Sources */,
				E3A055FC25A8818500FE6F7E /* Frameworks */,
				E3A055FD25A8818500FE6F7E /* Resources */,
			);
			buildRules = (
			);
			dependencies = (
				E3A0560125A8818500FE6F7E /* PBXTargetDependency */,
			);
			name = MealTrackerUITests;
			productName = MealTrackerUITests;
			productReference = E3A055FF25A8818500FE6F7E /* MealTrackerUITests.xctest */;
			productType = "com.apple.product-type.bundle.ui-testing";
		};
/* End PBXNativeTarget section */

/* Begin PBXProject section */
		E3A055CE25A8818400FE6F7E /* Project object */ = {
			isa = PBXProject;
			attributes = {
				LastUpgradeCheck = 1230;
				TargetAttributes = {
					E3A055D525A8818400FE6F7E = {
						CreatedOnToolsVersion = 12.3;
					};
					E3A055F325A8818500FE6F7E = {
						CreatedOnToolsVersion = 12.3;
						TestTargetID = E3A055D525A8818400FE6F7E;
					};
					E3A055FE25A8818500FE6F7E = {
						CreatedOnToolsVersion = 12.3;
						TestTargetID = E3A055D525A8818400FE6F7E;
					};
				};
			};
			buildConfigurationList = E3A055D125A8818400FE6F7E /* Build configuration list for PBXProject "MealTracker" */;
			compatibilityVersion = "Xcode 9.3";
			developmentRegion = en;
			hasScannedForEncodings = 0;
			knownRegions = (
				en,
				Base,
			);
			mainGroup = E3A055CD25A8818400FE6F7E;
			productRefGroup = E3A055D725A8818400FE6F7E /* Products */;
			projectDirPath = "";
			projectRoot = "";
			targets = (
				E3A055D525A8818400FE6F7E /* MealTracker */,
				E3A055F325A8818500FE6F7E /* MealTrackerTests */,
				E3A055FE25A8818500FE6F7E /* MealTrackerUITests */,
			);
		};
/* End PBXProject section */

/* Begin PBXResourcesBuildPhase section */
		E3A055D425A8818400FE6F7E /* Resources */ = {
			isa = PBXResourcesBuildPhase;
			buildActionMask = 2147483647;
			files = (
				E3A055EC25A8818500FE6F7E /* LaunchScreen.storyboard in Resources */,
				E3A055E925A8818500FE6F7E /* Assets.xcassets in Resources */,
				E3A055E425A8818400FE6F7E /* Main.storyboard in Resources */,
			);
			runOnlyForDeploymentPostprocessing = 0;
		};
		E3A055F225A8818500FE6F7E /* Resources */ = {
			isa = PBXResourcesBuildPhase;
			buildActionMask = 2147483647;
			files = (
			);
			runOnlyForDeploymentPostprocessing = 0;
		};
		E3A055FD25A8818500FE6F7E /* Resources */ = {
			isa = PBXResourcesBuildPhase;
			buildActionMask = 2147483647;
			files = (
			);
			runOnlyForDeploymentPostprocessing = 0;
		};
/* End PBXResourcesBuildPhase section */

/* Begin PBXSourcesBuildPhase section */
		E3A055D225A8818400FE6F7E /* Sources */ = {
			isa = PBXSourcesBuildPhase;
			buildActionMask = 2147483647;
			files = (
				E354FC3C25C192E4008060B6 /* User.m in Sources */,
				E3A055EF25A8818500FE6F7E /* main.m in Sources */,
				E36F182025CD71610057B707 /* ProfileViewController.m in Sources */,
				E3A055E125A8818400FE6F7E /* ViewController.m in Sources */,
				E354FC4325C412E4008060B6 /* ChooseMealViewController.m in Sources */,
				E37F244225C0194E0094E3EF /* Meal.m in Sources */,
				E3A055DB25A8818400FE6F7E /* AppDelegate.m in Sources */,
				E36F17FE25CD44180057B707 /* LoginViewController.m in Sources */,
				E37F243A25BF17230094E3EF /* UserController.m in Sources */,
				E36F17F225CC46B10057B707 /* LunchListViewController.m in Sources */,
				E3A055DE25A8818400FE6F7E /* SceneDelegate.m in Sources */,
				E39D71E525AC6D74005814CF /* List.m in Sources */,
				E3A055E725A8818400FE6F7E /* MealTracker.xcdatamodeld in Sources */,
				E36F17EB25CC41330057B707 /* DinnerListViewController.m in Sources */,
				E350526C25BB28B500914D9B /* MealInformationViewController.m in Sources */,
				E3D4728A25AF2413003D71D2 /* AddMealViewController.m in Sources */,
			);
			runOnlyForDeploymentPostprocessing = 0;
		};
		E3A055F025A8818500FE6F7E /* Sources */ = {
			isa = PBXSourcesBuildPhase;
			buildActionMask = 2147483647;
			files = (
				E3A055F925A8818500FE6F7E /* MealTrackerTests.m in Sources */,
				E39D71E625AC6D74005814CF /* List.m in Sources */,
			);
			runOnlyForDeploymentPostprocessing = 0;
		};
		E3A055FB25A8818500FE6F7E /* Sources */ = {
			isa = PBXSourcesBuildPhase;
			buildActionMask = 2147483647;
			files = (
				E3A0560425A8818500FE6F7E /* MealTrackerUITests.m in Sources */,
				E39D71E725AC6D74005814CF /* List.m in Sources */,
			);
			runOnlyForDeploymentPostprocessing = 0;
		};
/* End PBXSourcesBuildPhase section */

/* Begin PBXTargetDependency section */
		E3A055F625A8818500FE6F7E /* PBXTargetDependency */ = {
			isa = PBXTargetDependency;
			target = E3A055D525A8818400FE6F7E /* MealTracker */;
			targetProxy = E3A055F525A8818500FE6F7E /* PBXContainerItemProxy */;
		};
		E3A0560125A8818500FE6F7E /* PBXTargetDependency */ = {
			isa = PBXTargetDependency;
			target = E3A055D525A8818400FE6F7E /* MealTracker */;
			targetProxy = E3A0560025A8818500FE6F7E /* PBXContainerItemProxy */;
		};
/* End PBXTargetDependency section */

/* Begin PBXVariantGroup section */
		E3A055E225A8818400FE6F7E /* Main.storyboard */ = {
			isa = PBXVariantGroup;
			children = (
				E3A055E325A8818400FE6F7E /* Base */,
			);
			name = Main.storyboard;
			sourceTree = "<group>";
		};
		E3A055EA25A8818500FE6F7E /* LaunchScreen.storyboard */ = {
			isa = PBXVariantGroup;
			children = (
				E3A055EB25A8818500FE6F7E /* Base */,
			);
			name = LaunchScreen.storyboard;
			sourceTree = "<group>";
		};
/* End PBXVariantGroup section */

/* Begin XCBuildConfiguration section */
		E3A0560625A8818500FE6F7E /* Debug */ = {
			isa = XCBuildConfiguration;
			buildSettings = {
				ALWAYS_SEARCH_USER_PATHS = NO;
				CLANG_ANALYZER_NONNULL = YES;
				CLANG_ANALYZER_NUMBER_OBJECT_CONVERSION = YES_AGGRESSIVE;
				CLANG_CXX_LANGUAGE_STANDARD = "gnu++14";
				CLANG_CXX_LIBRARY = "libc++";
				CLANG_ENABLE_MODULES = YES;
				CLANG_ENABLE_OBJC_ARC = YES;
				CLANG_ENABLE_OBJC_WEAK = YES;
				CLANG_WARN_BLOCK_CAPTURE_AUTORELEASING = YES;
				CLANG_WARN_BOOL_CONVERSION = YES;
				CLANG_WARN_COMMA = YES;
				CLANG_WARN_CONSTANT_CONVERSION = YES;
				CLANG_WARN_DEPRECATED_OBJC_IMPLEMENTATIONS = YES;
				CLANG_WARN_DIRECT_OBJC_ISA_USAGE = YES_ERROR;
				CLANG_WARN_DOCUMENTATION_COMMENTS = YES;
				CLANG_WARN_EMPTY_BODY = YES;
				CLANG_WARN_ENUM_CONVERSION = YES;
				CLANG_WARN_INFINITE_RECURSION = YES;
				CLANG_WARN_INT_CONVERSION = YES;
				CLANG_WARN_NON_LITERAL_NULL_CONVERSION = YES;
				CLANG_WARN_OBJC_IMPLICIT_RETAIN_SELF = YES;
				CLANG_WARN_OBJC_LITERAL_CONVERSION = YES;
				CLANG_WARN_OBJC_ROOT_CLASS = YES_ERROR;
				CLANG_WARN_QUOTED_INCLUDE_IN_FRAMEWORK_HEADER = YES;
				CLANG_WARN_RANGE_LOOP_ANALYSIS = YES;
				CLANG_WARN_STRICT_PROTOTYPES = YES;
				CLANG_WARN_SUSPICIOUS_MOVE = YES;
				CLANG_WARN_UNGUARDED_AVAILABILITY = YES_AGGRESSIVE;
				CLANG_WARN_UNREACHABLE_CODE = YES;
				CLANG_WARN__DUPLICATE_METHOD_MATCH = YES;
				COPY_PHASE_STRIP = NO;
				DEBUG_INFORMATION_FORMAT = dwarf;
				ENABLE_STRICT_OBJC_MSGSEND = YES;
				ENABLE_TESTABILITY = YES;
				GCC_C_LANGUAGE_STANDARD = gnu11;
				GCC_DYNAMIC_NO_PIC = NO;
				GCC_NO_COMMON_BLOCKS = YES;
				GCC_OPTIMIZATION_LEVEL = 0;
				GCC_PREPROCESSOR_DEFINITIONS = (
					"DEBUG=1",
					"$(inherited)",
				);
				GCC_WARN_64_TO_32_BIT_CONVERSION = YES;
				GCC_WARN_ABOUT_RETURN_TYPE = YES_ERROR;
				GCC_WARN_UNDECLARED_SELECTOR = YES;
				GCC_WARN_UNINITIALIZED_AUTOS = YES_AGGRESSIVE;
				GCC_WARN_UNUSED_FUNCTION = YES;
				GCC_WARN_UNUSED_VARIABLE = YES;
				IPHONEOS_DEPLOYMENT_TARGET = 14.3;
				MTL_ENABLE_DEBUG_INFO = INCLUDE_SOURCE;
				MTL_FAST_MATH = YES;
				ONLY_ACTIVE_ARCH = YES;
				SDKROOT = iphoneos;
			};
			name = Debug;
		};
		E3A0560725A8818500FE6F7E /* Release */ = {
			isa = XCBuildConfiguration;
			buildSettings = {
				ALWAYS_SEARCH_USER_PATHS = NO;
				CLANG_ANALYZER_NONNULL = YES;
				CLANG_ANALYZER_NUMBER_OBJECT_CONVERSION = YES_AGGRESSIVE;
				CLANG_CXX_LANGUAGE_STANDARD = "gnu++14";
				CLANG_CXX_LIBRARY = "libc++";
				CLANG_ENABLE_MODULES = YES;
				CLANG_ENABLE_OBJC_ARC = YES;
				CLANG_ENABLE_OBJC_WEAK = YES;
				CLANG_WARN_BLOCK_CAPTURE_AUTORELEASING = YES;
				CLANG_WARN_BOOL_CONVERSION = YES;
				CLANG_WARN_COMMA = YES;
				CLANG_WARN_CONSTANT_CONVERSION = YES;
				CLANG_WARN_DEPRECATED_OBJC_IMPLEMENTATIONS = YES;
				CLANG_WARN_DIRECT_OBJC_ISA_USAGE = YES_ERROR;
				CLANG_WARN_DOCUMENTATION_COMMENTS = YES;
				CLANG_WARN_EMPTY_BODY = YES;
				CLANG_WARN_ENUM_CONVERSION = YES;
				CLANG_WARN_INFINITE_RECURSION = YES;
				CLANG_WARN_INT_CONVERSION = YES;
				CLANG_WARN_NON_LITERAL_NULL_CONVERSION = YES;
				CLANG_WARN_OBJC_IMPLICIT_RETAIN_SELF = YES;
				CLANG_WARN_OBJC_LITERAL_CONVERSION = YES;
				CLANG_WARN_OBJC_ROOT_CLASS = YES_ERROR;
				CLANG_WARN_QUOTED_INCLUDE_IN_FRAMEWORK_HEADER = YES;
				CLANG_WARN_RANGE_LOOP_ANALYSIS = YES;
				CLANG_WARN_STRICT_PROTOTYPES = YES;
				CLANG_WARN_SUSPICIOUS_MOVE = YES;
				CLANG_WARN_UNGUARDED_AVAILABILITY = YES_AGGRESSIVE;
				CLANG_WARN_UNREACHABLE_CODE = YES;
				CLANG_WARN__DUPLICATE_METHOD_MATCH = YES;
				COPY_PHASE_STRIP = NO;
				DEBUG_INFORMATION_FORMAT = "dwarf-with-dsym";
				ENABLE_NS_ASSERTIONS = NO;
				ENABLE_STRICT_OBJC_MSGSEND = YES;
				GCC_C_LANGUAGE_STANDARD = gnu11;
				GCC_NO_COMMON_BLOCKS = YES;
				GCC_WARN_64_TO_32_BIT_CONVERSION = YES;
				GCC_WARN_ABOUT_RETURN_TYPE = YES_ERROR;
				GCC_WARN_UNDECLARED_SELECTOR = YES;
				GCC_WARN_UNINITIALIZED_AUTOS = YES_AGGRESSIVE;
				GCC_WARN_UNUSED_FUNCTION = YES;
				GCC_WARN_UNUSED_VARIABLE = YES;
				IPHONEOS_DEPLOYMENT_TARGET = 14.3;
				MTL_ENABLE_DEBUG_INFO = NO;
				MTL_FAST_MATH = YES;
				SDKROOT = iphoneos;
				VALIDATE_PRODUCT = YES;
			};
			name = Release;
		};
		E3A0560925A8818500FE6F7E /* Debug */ = {
			isa = XCBuildConfiguration;
			buildSettings = {
				APPLY_RULES_IN_COPY_HEADERS = NO;
				ASSETCATALOG_COMPILER_APPICON_NAME = AppIcon;
				ASSETCATALOG_COMPILER_GLOBAL_ACCENT_COLOR_NAME = AccentColor;
				CODE_SIGN_STYLE = Automatic;
				DEVELOPMENT_TEAM = J333686USM;
				INFOPLIST_FILE = MealTracker/Info.plist;
				LD_RUNPATH_SEARCH_PATHS = (
					"$(inherited)",
					"@executable_path/Frameworks",
				);
				PRODUCT_BUNDLE_IDENTIFIER = com.projects.MealTracker;
				PRODUCT_NAME = "$(TARGET_NAME)";
				TARGETED_DEVICE_FAMILY = "1,2";
			};
			name = Debug;
		};
		E3A0560A25A8818500FE6F7E /* Release */ = {
			isa = XCBuildConfiguration;
			buildSettings = {
				APPLY_RULES_IN_COPY_HEADERS = NO;
				ASSETCATALOG_COMPILER_APPICON_NAME = AppIcon;
				ASSETCATALOG_COMPILER_GLOBAL_ACCENT_COLOR_NAME = AccentColor;
				CODE_SIGN_STYLE = Automatic;
				DEVELOPMENT_TEAM = J333686USM;
				INFOPLIST_FILE = MealTracker/Info.plist;
				LD_RUNPATH_SEARCH_PATHS = (
					"$(inherited)",
					"@executable_path/Frameworks",
				);
				PRODUCT_BUNDLE_IDENTIFIER = com.projects.MealTracker;
				PRODUCT_NAME = "$(TARGET_NAME)";
				TARGETED_DEVICE_FAMILY = "1,2";
			};
			name = Release;
		};
		E3A0560C25A8818500FE6F7E /* Debug */ = {
			isa = XCBuildConfiguration;
			buildSettings = {
				BUNDLE_LOADER = "$(TEST_HOST)";
				CODE_SIGN_STYLE = Automatic;
				DEVELOPMENT_TEAM = J333686USM;
				INFOPLIST_FILE = MealTrackerTests/Info.plist;
				IPHONEOS_DEPLOYMENT_TARGET = 14.3;
				LD_RUNPATH_SEARCH_PATHS = (
					"$(inherited)",
					"@executable_path/Frameworks",
					"@loader_path/Frameworks",
				);
				PRODUCT_BUNDLE_IDENTIFIER = com.projects.MealTrackerTests;
				PRODUCT_NAME = "$(TARGET_NAME)";
				TARGETED_DEVICE_FAMILY = "1,2";
				TEST_HOST = "$(BUILT_PRODUCTS_DIR)/MealTracker.app/MealTracker";
			};
			name = Debug;
		};
		E3A0560D25A8818500FE6F7E /* Release */ = {
			isa = XCBuildConfiguration;
			buildSettings = {
				BUNDLE_LOADER = "$(TEST_HOST)";
				CODE_SIGN_STYLE = Automatic;
				DEVELOPMENT_TEAM = J333686USM;
				INFOPLIST_FILE = MealTrackerTests/Info.plist;
				IPHONEOS_DEPLOYMENT_TARGET = 14.3;
				LD_RUNPATH_SEARCH_PATHS = (
					"$(inherited)",
					"@executable_path/Frameworks",
					"@loader_path/Frameworks",
				);
				PRODUCT_BUNDLE_IDENTIFIER = com.projects.MealTrackerTests;
				PRODUCT_NAME = "$(TARGET_NAME)";
				TARGETED_DEVICE_FAMILY = "1,2";
				TEST_HOST = "$(BUILT_PRODUCTS_DIR)/MealTracker.app/MealTracker";
			};
			name = Release;
		};
		E3A0560F25A8818500FE6F7E /* Debug */ = {
			isa = XCBuildConfiguration;
			buildSettings = {
				CODE_SIGN_STYLE = Automatic;
				DEVELOPMENT_TEAM = J333686USM;
				INFOPLIST_FILE = MealTrackerUITests/Info.plist;
				LD_RUNPATH_SEARCH_PATHS = (
					"$(inherited)",
					"@executable_path/Frameworks",
					"@loader_path/Frameworks",
				);
				PRODUCT_BUNDLE_IDENTIFIER = com.projects.MealTrackerUITests;
				PRODUCT_NAME = "$(TARGET_NAME)";
				TARGETED_DEVICE_FAMILY = "1,2";
				TEST_TARGET_NAME = MealTracker;
			};
			name = Debug;
		};
		E3A0561025A8818500FE6F7E /* Release */ = {
			isa = XCBuildConfiguration;
			buildSettings = {
				CODE_SIGN_STYLE = Automatic;
				DEVELOPMENT_TEAM = J333686USM;
				INFOPLIST_FILE = MealTrackerUITests/Info.plist;
				LD_RUNPATH_SEARCH_PATHS = (
					"$(inherited)",
					"@executable_path/Frameworks",
					"@loader_path/Frameworks",
				);
				PRODUCT_BUNDLE_IDENTIFIER = com.projects.MealTrackerUITests;
				PRODUCT_NAME = "$(TARGET_NAME)";
				TARGETED_DEVICE_FAMILY = "1,2";
				TEST_TARGET_NAME = MealTracker;
			};
			name = Release;
		};
/* End XCBuildConfiguration section */

/* Begin XCConfigurationList section */
		E3A055D125A8818400FE6F7E /* Build configuration list for PBXProject "MealTracker" */ = {
			isa = XCConfigurationList;
			buildConfigurations = (
				E3A0560625A8818500FE6F7E /* Debug */,
				E3A0560725A8818500FE6F7E /* Release */,
			);
			defaultConfigurationIsVisible = 0;
			defaultConfigurationName = Release;
		};
		E3A0560825A8818500FE6F7E /* Build configuration list for PBXNativeTarget "MealTracker" */ = {
			isa = XCConfigurationList;
			buildConfigurations = (
				E3A0560925A8818500FE6F7E /* Debug */,
				E3A0560A25A8818500FE6F7E /* Release */,
			);
			defaultConfigurationIsVisible = 0;
			defaultConfigurationName = Release;
		};
		E3A0560B25A8818500FE6F7E /* Build configuration list for PBXNativeTarget "MealTrackerTests" */ = {
			isa = XCConfigurationList;
			buildConfigurations = (
				E3A0560C25A8818500FE6F7E /* Debug */,
				E3A0560D25A8818500FE6F7E /* Release */,
			);
			defaultConfigurationIsVisible = 0;
			defaultConfigurationName = Release;
		};
		E3A0560E25A8818500FE6F7E /* Build configuration list for PBXNativeTarget "MealTrackerUITests" */ = {
			isa = XCConfigurationList;
			buildConfigurations = (
				E3A0560F25A8818500FE6F7E /* Debug */,
				E3A0561025A8818500FE6F7E /* Release */,
			);
			defaultConfigurationIsVisible = 0;
			defaultConfigurationName = Release;
		};
/* End XCConfigurationList section */

/* Begin XCVersionGroup section */
		E3A055E525A8818400FE6F7E /* MealTracker.xcdatamodeld */ = {
			isa = XCVersionGroup;
			children = (
				E3A055E625A8818400FE6F7E /* MealTracker.xcdatamodel */,
			);
			currentVersion = E3A055E625A8818400FE6F7E /* MealTracker.xcdatamodel */;
			path = MealTracker.xcdatamodeld;
			sourceTree = "<group>";
			versionGroupType = wrapper.xcdatamodel;
		};
/* End XCVersionGroup section */
	};
	rootObject = E3A055CE25A8818400FE6F7E /* Project object */;
}
